
Microsoft Visual Studio Solution File, Format Version 12.00
# Visual Studio 15
VisualStudioVersion = 15.0.27004.2002
MinimumVisualStudioVersion = 10.0.40219.1
Project("{FAE04EC0-301F-11D3-BF4B-00C04F79EFBC}") = "CarRentalService", "CarRentalService\CarRentalService.csproj", "{96F8F9AC-1326-45D1-8719-E1D43D09FF77}"
EndProject
Project("{FAE04EC0-301F-11D3-BF4B-00C04F79EFBC}") = "CarRentalService.Tests", "CarRentalService.Tests\CarRentalService.Tests.csproj", "{3D201A57-11B0-4644-B723-640DAD16B0FF}"
EndProject
Global
	GlobalSection(SolutionConfigurationPlatforms) = preSolution
		Debug|Any CPU = Debug|Any CPU
		Release|Any CPU = Release|Any CPU
	EndGlobalSection
	GlobalSection(ProjectConfigurationPlatforms) = postSolution
		{96F8F9AC-1326-45D1-8719-E1D43D09FF77}.Debug|Any CPU.ActiveCfg = Debug|Any CPU
		{96F8F9AC-1326-45D1-8719-E1D43D09FF77}.Debug|Any CPU.Build.0 = Debug|Any CPU
		{96F8F9AC-1326-45D1-8719-E1D43D09FF77}.Release|Any CPU.ActiveCfg = Release|Any CPU
		{96F8F9AC-1326-45D1-8719-E1D43D09FF77}.Release|Any CPU.Build.0 = Release|Any CPU
		{3D201A57-11B0-4644-B723-640DAD16B0FF}.Debug|Any CPU.ActiveCfg = Debug|Any CPU
		{3D201A57-11B0-4644-B723-640DAD16B0FF}.Debug|Any CPU.Build.0 = Debug|Any CPU
		{3D201A57-11B0-4644-B723-640DAD16B0FF}.Release|Any CPU.ActiveCfg = Release|Any CPU
		{3D201A57-11B0-4644-B723-640DAD16B0FF}.Release|Any CPU.Build.0 = Release|Any CPU
	EndGlobalSection
	GlobalSection(SolutionProperties) = preSolution
		HideSolutionNode = FALSE
	EndGlobalSection
	GlobalSection(ExtensibilityGlobals) = postSolution
		SolutionGuid = {877D733D-276C-4C3A-82ED-37ED6CAD1E07}
	EndGlobalSection
EndGlobal
